
Microsoft Visual Studio Solution File, Format Version 12.00
# Visual Studio Version 17
VisualStudioVersion = 17.0.31903.59
MinimumVisualStudioVersion = 10.0.40219.1
Project("{FAE04EC0-301F-11D3-BF4B-00C04F79EFBC}") = "Api", "Api\Api.csproj", "{70FC42E7-3E9E-43D3-8027-E81DCE850C10}"
EndProject
Project("{FAE04EC0-301F-11D3-BF4B-00C04F79EFBC}") = "Core", "Core\Core.csproj", "{18161A55-A38F-4EB3-83A4-20C65DB1AEF7}"
EndProject
Project("{FAE04EC0-301F-11D3-BF4B-00C04F79EFBC}") = "Application", "Application\Application.csproj", "{8CA7EF5B-9A86-4A91-9046-AA92F57078D0}"
EndProject
Project("{FAE04EC0-301F-11D3-BF4B-00C04F79EFBC}") = "Infrastructure", "Infrastructure\Infrastructure.csproj", "{DF0B51E2-AE8F-438B-8C7B-526FEDBAC2F0}"
EndProject
Global
	GlobalSection(SolutionConfigurationPlatforms) = preSolution
		Debug|Any CPU = Debug|Any CPU
		Debug|x64 = Debug|x64
		Debug|x86 = Debug|x86
		Release|Any CPU = Release|Any CPU
		Release|x64 = Release|x64
		Release|x86 = Release|x86
	EndGlobalSection
	GlobalSection(ProjectConfigurationPlatforms) = postSolution
		{70FC42E7-3E9E-43D3-8027-E81DCE850C10}.Debug|Any CPU.ActiveCfg = Debug|Any CPU
		{70FC42E7-3E9E-43D3-8027-E81DCE850C10}.Debug|Any CPU.Build.0 = Debug|Any CPU
		{70FC42E7-3E9E-43D3-8027-E81DCE850C10}.Debug|x64.ActiveCfg = Debug|Any CPU
		{70FC42E7-3E9E-43D3-8027-E81DCE850C10}.Debug|x64.Build.0 = Debug|Any CPU
		{70FC42E7-3E9E-43D3-8027-E81DCE850C10}.Debug|x86.ActiveCfg = Debug|Any CPU
		{70FC42E7-3E9E-43D3-8027-E81DCE850C10}.Debug|x86.Build.0 = Debug|Any CPU
		{70FC42E7-3E9E-43D3-8027-E81DCE850C10}.Release|Any CPU.ActiveCfg = Release|Any CPU
		{70FC42E7-3E9E-43D3-8027-E81DCE850C10}.Release|Any CPU.Build.0 = Release|Any CPU
		{70FC42E7-3E9E-43D3-8027-E81DCE850C10}.Release|x64.ActiveCfg = Release|Any CPU
		{70FC42E7-3E9E-43D3-8027-E81DCE850C10}.Release|x64.Build.0 = Release|Any CPU
		{70FC42E7-3E9E-43D3-8027-E81DCE850C10}.Release|x86.ActiveCfg = Release|Any CPU
		{70FC42E7-3E9E-43D3-8027-E81DCE850C10}.Release|x86.Build.0 = Release|Any CPU
		{18161A55-A38F-4EB3-83A4-20C65DB1AEF7}.Debug|Any CPU.ActiveCfg = Debug|Any CPU
		{18161A55-A38F-4EB3-83A4-20C65DB1AEF7}.Debug|Any CPU.Build.0 = Debug|Any CPU
		{18161A55-A38F-4EB3-83A4-20C65DB1AEF7}.Debug|x64.ActiveCfg = Debug|Any CPU
		{18161A55-A38F-4EB3-83A4-20C65DB1AEF7}.Debug|x64.Build.0 = Debug|Any CPU
		{18161A55-A38F-4EB3-83A4-20C65DB1AEF7}.Debug|x86.ActiveCfg = Debug|Any CPU
		{18161A55-A38F-4EB3-83A4-20C65DB1AEF7}.Debug|x86.Build.0 = Debug|Any CPU
		{18161A55-A38F-4EB3-83A4-20C65DB1AEF7}.Release|Any CPU.ActiveCfg = Release|Any CPU
		{18161A55-A38F-4EB3-83A4-20C65DB1AEF7}.Release|Any CPU.Build.0 = Release|Any CPU
		{18161A55-A38F-4EB3-83A4-20C65DB1AEF7}.Release|x64.ActiveCfg = Release|Any CPU
		{18161A55-A38F-4EB3-83A4-20C65DB1AEF7}.Release|x64.Build.0 = Release|Any CPU
		{18161A55-A38F-4EB3-83A4-20C65DB1AEF7}.Release|x86.ActiveCfg = Release|Any CPU
		{18161A55-A38F-4EB3-83A4-20C65DB1AEF7}.Release|x86.Build.0 = Release|Any CPU
		{8CA7EF5B-9A86-4A91-9046-AA92F57078D0}.Debug|Any CPU.ActiveCfg = Debug|Any CPU
		{8CA7EF5B-9A86-4A91-9046-AA92F57078D0}.Debug|Any CPU.Build.0 = Debug|Any CPU
		{8CA7EF5B-9A86-4A91-9046-AA92F57078D0}.Debug|x64.ActiveCfg = Debug|Any CPU
		{8CA7EF5B-9A86-4A91-9046-AA92F57078D0}.Debug|x64.Build.0 = Debug|Any CPU
		{8CA7EF5B-9A86-4A91-9046-AA92F57078D0}.Debug|x86.ActiveCfg = Debug|Any CPU
		{8CA7EF5B-9A86-4A91-9046-AA92F57078D0}.Debug|x86.Build.0 = Debug|Any CPU
		{8CA7EF5B-9A86-4A91-9046-AA92F57078D0}.Release|Any CPU.ActiveCfg = Release|Any CPU
		{8CA7EF5B-9A86-4A91-9046-AA92F57078D0}.Release|Any CPU.Build.0 = Release|Any CPU
		{8CA7EF5B-9A86-4A91-9046-AA92F57078D0}.Release|x64.ActiveCfg = Release|Any CPU
		{8CA7EF5B-9A86-4A91-9046-AA92F57078D0}.Release|x64.Build.0 = Release|Any CPU
		{8CA7EF5B-9A86-4A91-9046-AA92F57078D0}.Release|x86.ActiveCfg = Release|Any CPU
		{8CA7EF5B-9A86-4A91-9046-AA92F57078D0}.Release|x86.Build.0 = Release|Any CPU
		{DF0B51E2-AE8F-438B-8C7B-526FEDBAC2F0}.Debug|Any CPU.ActiveCfg = Debug|Any CPU
		{DF0B51E2-AE8F-438B-8C7B-526FEDBAC2F0}.Debug|Any CPU.Build.0 = Debug|Any CPU
		{DF0B51E2-AE8F-438B-8C7B-526FEDBAC2F0}.Debug|x64.ActiveCfg = Debug|Any CPU
		{DF0B51E2-AE8F-438B-8C7B-526FEDBAC2F0}.Debug|x64.Build.0 = Debug|Any CPU
		{DF0B51E2-AE8F-438B-8C7B-526FEDBAC2F0}.Debug|x86.ActiveCfg = Debug|Any CPU
		{DF0B51E2-AE8F-438B-8C7B-526FEDBAC2F0}.Debug|x86.Build.0 = Debug|Any CPU
		{DF0B51E2-AE8F-438B-8C7B-526FEDBAC2F0}.Release|Any CPU.ActiveCfg = Release|Any CPU
		{DF0B51E2-AE8F-438B-8C7B-526FEDBAC2F0}.Release|Any CPU.Build.0 = Release|Any CPU
		{DF0B51E2-AE8F-438B-8C7B-526FEDBAC2F0}.Release|x64.ActiveCfg = Release|Any CPU
		{DF0B51E2-AE8F-438B-8C7B-526FEDBAC2F0}.Release|x64.Build.0 = Release|Any CPU
		{DF0B51E2-AE8F-438B-8C7B-526FEDBAC2F0}.Release|x86.ActiveCfg = Release|Any CPU
		{DF0B51E2-AE8F-438B-8C7B-526FEDBAC2F0}.Release|x86.Build.0 = Release|Any CPU
	EndGlobalSection
	GlobalSection(SolutionProperties) = preSolution
		HideSolutionNode = FALSE
	EndGlobalSection
EndGlobal
